// !$*UTF8*$!
{
	archiveVersion = 1;
	classes = {
	};
	objectVersion = 46;
	objects = {

/* Begin PBXBuildFile section */
		35E702FF1BE148F30001B75D /* Main.storyboard in Resources */ = {isa = PBXBuildFile; fileRef = 35E702FE1BE148F30001B75D /* Main.storyboard */; };
		35E703051BE6E3CD0001B75D /* SpotifyApiTestViewController.swift in Sources */ = {isa = PBXBuildFile; fileRef = 35E703041BE6E3CD0001B75D /* SpotifyApiTestViewController.swift */; };
		85902B3DCE963DC4D680B59D /* Pods_Emome.framework in Frameworks */ = {isa = PBXBuildFile; fileRef = 85FF42BE84B4AE0D14439A0B /* Pods_Emome.framework */; };
		9001486D1BB984CE00EB992C /* EMOEmotionTests.swift in Sources */ = {isa = PBXBuildFile; fileRef = 9001486C1BB984CE00EB992C /* EMOEmotionTests.swift */; };
		90152C6A1C15D78B009047EB /* EMOSuggestionTests.swift in Sources */ = {isa = PBXBuildFile; fileRef = 90152C691C15D78B009047EB /* EMOSuggestionTests.swift */; };
		9030FF491BFA415700948793 /* EMOSuggestionView.swift in Sources */ = {isa = PBXBuildFile; fileRef = 9030FF481BFA415700948793 /* EMOSuggestionView.swift */; };
		9030FF4B1BFA416300948793 /* EMOSuggestionView.xib in Resources */ = {isa = PBXBuildFile; fileRef = 9030FF4A1BFA416300948793 /* EMOSuggestionView.xib */; };
		9030FF4E1BFA419100948793 /* EMOSuggestion.swift in Sources */ = {isa = PBXBuildFile; fileRef = 9030FF4D1BFA419100948793 /* EMOSuggestion.swift */; };
		9030FF511BFAC92300948793 /* EMOEnums.swift in Sources */ = {isa = PBXBuildFile; fileRef = 9030FF501BFAC92300948793 /* EMOEnums.swift */; };
		90330AA71C14A7BA00A23B28 /* EMOChooseSeggestionTypeViewController.swift in Sources */ = {isa = PBXBuildFile; fileRef = 90330AA61C14A7BA00A23B28 /* EMOChooseSeggestionTypeViewController.swift */; };
		90330AA91C14A7E600A23B28 /* EMOBaseViewController.swift in Sources */ = {isa = PBXBuildFile; fileRef = 90330AA81C14A7E600A23B28 /* EMOBaseViewController.swift */; };
		903A2DE11C07B27C00C8964A /* EMOColorSplashViewController.swift in Sources */ = {isa = PBXBuildFile; fileRef = 903A2DE01C07B27C00C8964A /* EMOColorSplashViewController.swift */; };
		906190B61BE6E4BC0061E103 /* EmoEmomeColors.swift in Sources */ = {isa = PBXBuildFile; fileRef = 906190B51BE6E4BC0061E103 /* EmoEmomeColors.swift */; };
		907C0F431BDEA94C00C896D3 /* EMOScenarioSelectionViewController.swift in Sources */ = {isa = PBXBuildFile; fileRef = 907C0F421BDEA94C00C896D3 /* EMOScenarioSelectionViewController.swift */; };
		907C0F451BDEA9AC00C896D3 /* EMOSeggestionViewController.swift in Sources */ = {isa = PBXBuildFile; fileRef = 907C0F441BDEA9AC00C896D3 /* EMOSeggestionViewController.swift */; };
		907EDAFD1BB9990E00E49E34 /* EmomeUITests.swift in Sources */ = {isa = PBXBuildFile; fileRef = 907EDAFC1BB9990E00E49E34 /* EmomeUITests.swift */; };
		908C890D1BE06C1100190BB5 /* EMODataManager.swift in Sources */ = {isa = PBXBuildFile; fileRef = 908C890C1BE06C1100190BB5 /* EMODataManager.swift */; };
		90979B3D1BF8EADB00F0DD67 /* EMOMyIdeasViewController.swift in Sources */ = {isa = PBXBuildFile; fileRef = 90979B3C1BF8EADB00F0DD67 /* EMOMyIdeasViewController.swift */; };
		90B15D501BEDA029000E1B55 /* EMOAccountViewController.swift in Sources */ = {isa = PBXBuildFile; fileRef = 90B15D4F1BEDA029000E1B55 /* EMOAccountViewController.swift */; };
		90B9A8161C016A510008DAF4 /* GCDUtils.swift in Sources */ = {isa = PBXBuildFile; fileRef = 90B9A8151C016A510008DAF4 /* GCDUtils.swift */; };
		90C6FD481BB0B5CF009F9FB3 /* AppDelegate.swift in Sources */ = {isa = PBXBuildFile; fileRef = 90C6FD471BB0B5CF009F9FB3 /* AppDelegate.swift */; };
		90C6FD4F1BB0B5CF009F9FB3 /* Assets.xcassets in Resources */ = {isa = PBXBuildFile; fileRef = 90C6FD4E1BB0B5CF009F9FB3 /* Assets.xcassets */; };
		90C6FD521BB0B5CF009F9FB3 /* LaunchScreen.storyboard in Resources */ = {isa = PBXBuildFile; fileRef = 90C6FD501BB0B5CF009F9FB3 /* LaunchScreen.storyboard */; };
		90DF63801C14974C00AC74AC /* EMOColorSplashLayer.swift in Sources */ = {isa = PBXBuildFile; fileRef = 90DF637F1C14974C00AC74AC /* EMOColorSplashLayer.swift */; };
		90EFFD851C0806BF005AD750 /* EMOHomeViewController.swift in Sources */ = {isa = PBXBuildFile; fileRef = 90EFFD841C0806BF005AD750 /* EMOHomeViewController.swift */; };
		90EFFD871C08C9CB005AD750 /* EMOEmotionColorButton.swift in Sources */ = {isa = PBXBuildFile; fileRef = 90EFFD861C08C9CA005AD750 /* EMOEmotionColorButton.swift */; };
		90EFFD8B1C090258005AD750 /* EMOHomeActionButton.swift in Sources */ = {isa = PBXBuildFile; fileRef = 90EFFD8A1C090258005AD750 /* EMOHomeActionButton.swift */; };
		90F758621C168AB9003F9C69 /* EMOScenario.swift in Sources */ = {isa = PBXBuildFile; fileRef = 90F758611C168AB9003F9C69 /* EMOScenario.swift */; };
		90F758641C172C65003F9C69 /* EMODataManagerTests.swift in Sources */ = {isa = PBXBuildFile; fileRef = 90F758631C172C65003F9C69 /* EMODataManagerTests.swift */; };
		90F758661C175615003F9C69 /* EMORequestParser.swift in Sources */ = {isa = PBXBuildFile; fileRef = 90F758651C175615003F9C69 /* EMORequestParser.swift */; };
/* End PBXBuildFile section */

/* Begin PBXContainerItemProxy section */
		900148561BB8726200EB992C /* PBXContainerItemProxy */ = {
			isa = PBXContainerItemProxy;
			containerPortal = 90C6FD3C1BB0B5CE009F9FB3 /* Project object */;
			proxyType = 1;
			remoteGlobalIDString = 90C6FD431BB0B5CE009F9FB3;
			remoteInfo = Emome;
		};
		907EDAFF1BB9990E00E49E34 /* PBXContainerItemProxy */ = {
			isa = PBXContainerItemProxy;
			containerPortal = 90C6FD3C1BB0B5CE009F9FB3 /* Project object */;
			proxyType = 1;
			remoteGlobalIDString = 90C6FD431BB0B5CE009F9FB3;
			remoteInfo = Emome;
		};
/* End PBXContainerItemProxy section */

/* Begin PBXFileReference section */
		2B023C10DB84DBFEFD98AC98 /* Pods-Emome.release.xcconfig */ = {isa = PBXFileReference; includeInIndex = 1; lastKnownFileType = text.xcconfig; name = "Pods-Emome.release.xcconfig"; path = "Pods/Target Support Files/Pods-Emome/Pods-Emome.release.xcconfig"; sourceTree = "<group>"; };
		35E702FE1BE148F30001B75D /* Main.storyboard */ = {isa = PBXFileReference; fileEncoding = 4; lastKnownFileType = file.storyboard; name = Main.storyboard; path = Base.lproj/Main.storyboard; sourceTree = "<group>"; };
		35E703041BE6E3CD0001B75D /* SpotifyApiTestViewController.swift */ = {isa = PBXFileReference; fileEncoding = 4; lastKnownFileType = sourcecode.swift; path = SpotifyApiTestViewController.swift; sourceTree = "<group>"; };
		46D4581E639FC267AAA9CFD7 /* Pods-Emome.debug.xcconfig */ = {isa = PBXFileReference; includeInIndex = 1; lastKnownFileType = text.xcconfig; name = "Pods-Emome.debug.xcconfig"; path = "Pods/Target Support Files/Pods-Emome/Pods-Emome.debug.xcconfig"; sourceTree = "<group>"; };
		85FF42BE84B4AE0D14439A0B /* Pods_Emome.framework */ = {isa = PBXFileReference; explicitFileType = wrapper.framework; includeInIndex = 0; path = Pods_Emome.framework; sourceTree = BUILT_PRODUCTS_DIR; };
		900148511BB8726200EB992C /* EmomeTests.xctest */ = {isa = PBXFileReference; explicitFileType = wrapper.cfbundle; includeInIndex = 0; path = EmomeTests.xctest; sourceTree = BUILT_PRODUCTS_DIR; };
		900148551BB8726200EB992C /* Info.plist */ = {isa = PBXFileReference; lastKnownFileType = text.plist.xml; path = Info.plist; sourceTree = "<group>"; };
		9001486C1BB984CE00EB992C /* EMOEmotionTests.swift */ = {isa = PBXFileReference; fileEncoding = 4; lastKnownFileType = sourcecode.swift; path = EMOEmotionTests.swift; sourceTree = "<group>"; };
		90152C691C15D78B009047EB /* EMOSuggestionTests.swift */ = {isa = PBXFileReference; fileEncoding = 4; lastKnownFileType = sourcecode.swift; path = EMOSuggestionTests.swift; sourceTree = "<group>"; };
		9030FF481BFA415700948793 /* EMOSuggestionView.swift */ = {isa = PBXFileReference; fileEncoding = 4; lastKnownFileType = sourcecode.swift; path = EMOSuggestionView.swift; sourceTree = "<group>"; };
		9030FF4A1BFA416300948793 /* EMOSuggestionView.xib */ = {isa = PBXFileReference; fileEncoding = 4; lastKnownFileType = file.xib; path = EMOSuggestionView.xib; sourceTree = "<group>"; };
		9030FF4D1BFA419100948793 /* EMOSuggestion.swift */ = {isa = PBXFileReference; fileEncoding = 4; lastKnownFileType = sourcecode.swift; path = EMOSuggestion.swift; sourceTree = "<group>"; };
		9030FF501BFAC92300948793 /* EMOEnums.swift */ = {isa = PBXFileReference; fileEncoding = 4; lastKnownFileType = sourcecode.swift; path = EMOEnums.swift; sourceTree = "<group>"; };
		90330AA61C14A7BA00A23B28 /* EMOChooseSeggestionTypeViewController.swift */ = {isa = PBXFileReference; fileEncoding = 4; lastKnownFileType = sourcecode.swift; path = EMOChooseSeggestionTypeViewController.swift; sourceTree = "<group>"; };
		90330AA81C14A7E600A23B28 /* EMOBaseViewController.swift */ = {isa = PBXFileReference; fileEncoding = 4; lastKnownFileType = sourcecode.swift; path = EMOBaseViewController.swift; sourceTree = "<group>"; };
		903A2DE01C07B27C00C8964A /* EMOColorSplashViewController.swift */ = {isa = PBXFileReference; fileEncoding = 4; lastKnownFileType = sourcecode.swift; path = EMOColorSplashViewController.swift; sourceTree = "<group>"; };
		906190B51BE6E4BC0061E103 /* EmoEmomeColors.swift */ = {isa = PBXFileReference; fileEncoding = 4; lastKnownFileType = sourcecode.swift; path = EmoEmomeColors.swift; sourceTree = "<group>"; };
		907C0F421BDEA94C00C896D3 /* EMOScenarioSelectionViewController.swift */ = {isa = PBXFileReference; fileEncoding = 4; lastKnownFileType = sourcecode.swift; path = EMOScenarioSelectionViewController.swift; sourceTree = "<group>"; };
		907C0F441BDEA9AC00C896D3 /* EMOSeggestionViewController.swift */ = {isa = PBXFileReference; fileEncoding = 4; lastKnownFileType = sourcecode.swift; path = EMOSeggestionViewController.swift; sourceTree = "<group>"; };
		907EDAFA1BB9990E00E49E34 /* EmomeUITests.xctest */ = {isa = PBXFileReference; explicitFileType = wrapper.cfbundle; includeInIndex = 0; path = EmomeUITests.xctest; sourceTree = BUILT_PRODUCTS_DIR; };
		907EDAFC1BB9990E00E49E34 /* EmomeUITests.swift */ = {isa = PBXFileReference; lastKnownFileType = sourcecode.swift; path = EmomeUITests.swift; sourceTree = "<group>"; };
		907EDAFE1BB9990E00E49E34 /* Info.plist */ = {isa = PBXFileReference; lastKnownFileType = text.plist.xml; path = Info.plist; sourceTree = "<group>"; };
		908C890C1BE06C1100190BB5 /* EMODataManager.swift */ = {isa = PBXFileReference; fileEncoding = 4; lastKnownFileType = sourcecode.swift; path = EMODataManager.swift; sourceTree = "<group>"; };
		90979B3C1BF8EADB00F0DD67 /* EMOMyIdeasViewController.swift */ = {isa = PBXFileReference; fileEncoding = 4; lastKnownFileType = sourcecode.swift; path = EMOMyIdeasViewController.swift; sourceTree = "<group>"; };
		90B15D4F1BEDA029000E1B55 /* EMOAccountViewController.swift */ = {isa = PBXFileReference; fileEncoding = 4; lastKnownFileType = sourcecode.swift; path = EMOAccountViewController.swift; sourceTree = "<group>"; };
		90B9A8151C016A510008DAF4 /* GCDUtils.swift */ = {isa = PBXFileReference; fileEncoding = 4; lastKnownFileType = sourcecode.swift; path = GCDUtils.swift; sourceTree = "<group>"; };
		90C6FD441BB0B5CE009F9FB3 /* Emome.app */ = {isa = PBXFileReference; explicitFileType = wrapper.application; includeInIndex = 0; path = Emome.app; sourceTree = BUILT_PRODUCTS_DIR; };
		90C6FD471BB0B5CF009F9FB3 /* AppDelegate.swift */ = {isa = PBXFileReference; lastKnownFileType = sourcecode.swift; path = AppDelegate.swift; sourceTree = "<group>"; };
		90C6FD4E1BB0B5CF009F9FB3 /* Assets.xcassets */ = {isa = PBXFileReference; lastKnownFileType = folder.assetcatalog; path = Assets.xcassets; sourceTree = "<group>"; };
		90C6FD511BB0B5CF009F9FB3 /* Base */ = {isa = PBXFileReference; lastKnownFileType = file.storyboard; name = Base; path = Base.lproj/LaunchScreen.storyboard; sourceTree = "<group>"; };
		90C6FD531BB0B5CF009F9FB3 /* Info.plist */ = {isa = PBXFileReference; lastKnownFileType = text.plist.xml; path = Info.plist; sourceTree = "<group>"; };
		90DF637F1C14974C00AC74AC /* EMOColorSplashLayer.swift */ = {isa = PBXFileReference; fileEncoding = 4; lastKnownFileType = sourcecode.swift; path = EMOColorSplashLayer.swift; sourceTree = "<group>"; };
		90EFFD841C0806BF005AD750 /* EMOHomeViewController.swift */ = {isa = PBXFileReference; fileEncoding = 4; lastKnownFileType = sourcecode.swift; path = EMOHomeViewController.swift; sourceTree = "<group>"; };
		90EFFD861C08C9CA005AD750 /* EMOEmotionColorButton.swift */ = {isa = PBXFileReference; fileEncoding = 4; lastKnownFileType = sourcecode.swift; path = EMOEmotionColorButton.swift; sourceTree = "<group>"; };
		90EFFD8A1C090258005AD750 /* EMOHomeActionButton.swift */ = {isa = PBXFileReference; fileEncoding = 4; lastKnownFileType = sourcecode.swift; path = EMOHomeActionButton.swift; sourceTree = "<group>"; };
		90F758611C168AB9003F9C69 /* EMOScenario.swift */ = {isa = PBXFileReference; fileEncoding = 4; lastKnownFileType = sourcecode.swift; path = EMOScenario.swift; sourceTree = "<group>"; };
		90F758631C172C65003F9C69 /* EMODataManagerTests.swift */ = {isa = PBXFileReference; fileEncoding = 4; lastKnownFileType = sourcecode.swift; path = EMODataManagerTests.swift; sourceTree = "<group>"; };
		90F758651C175615003F9C69 /* EMORequestParser.swift */ = {isa = PBXFileReference; fileEncoding = 4; lastKnownFileType = sourcecode.swift; path = EMORequestParser.swift; sourceTree = "<group>"; };
/* End PBXFileReference section */

/* Begin PBXFrameworksBuildPhase section */
		9001484E1BB8726200EB992C /* Frameworks */ = {
			isa = PBXFrameworksBuildPhase;
			buildActionMask = 2147483647;
			files = (
			);
			runOnlyForDeploymentPostprocessing = 0;
		};
		907EDAF71BB9990E00E49E34 /* Frameworks */ = {
			isa = PBXFrameworksBuildPhase;
			buildActionMask = 2147483647;
			files = (
			);
			runOnlyForDeploymentPostprocessing = 0;
		};
		90C6FD411BB0B5CE009F9FB3 /* Frameworks */ = {
			isa = PBXFrameworksBuildPhase;
			buildActionMask = 2147483647;
			files = (
				85902B3DCE963DC4D680B59D /* Pods_Emome.framework in Frameworks */,
			);
			runOnlyForDeploymentPostprocessing = 0;
		};
/* End PBXFrameworksBuildPhase section */

/* Begin PBXGroup section */
		3057940CC6669AD423572305 /* Pods */ = {
			isa = PBXGroup;
			children = (
				46D4581E639FC267AAA9CFD7 /* Pods-Emome.debug.xcconfig */,
				2B023C10DB84DBFEFD98AC98 /* Pods-Emome.release.xcconfig */,
			);
			name = Pods;
			sourceTree = "<group>";
		};
		900148521BB8726200EB992C /* EmomeTests */ = {
			isa = PBXGroup;
			children = (
				9001486C1BB984CE00EB992C /* EMOEmotionTests.swift */,
				90152C691C15D78B009047EB /* EMOSuggestionTests.swift */,
				90F758631C172C65003F9C69 /* EMODataManagerTests.swift */,
				900148551BB8726200EB992C /* Info.plist */,
			);
			path = EmomeTests;
			sourceTree = "<group>";
		};
		9030FF4C1BFA416900948793 /* UI */ = {
			isa = PBXGroup;
			children = (
				9030FF481BFA415700948793 /* EMOSuggestionView.swift */,
				9030FF4A1BFA416300948793 /* EMOSuggestionView.xib */,
				90EFFD861C08C9CA005AD750 /* EMOEmotionColorButton.swift */,
				90EFFD8A1C090258005AD750 /* EMOHomeActionButton.swift */,
				90DF637F1C14974C00AC74AC /* EMOColorSplashLayer.swift */,
			);
			name = UI;
			sourceTree = "<group>";
		};
		9030FF4F1BFA419500948793 /* Data */ = {
			isa = PBXGroup;
			children = (
				908C890C1BE06C1100190BB5 /* EMODataManager.swift */,
				9030FF4D1BFA419100948793 /* EMOSuggestion.swift */,
				90F758611C168AB9003F9C69 /* EMOScenario.swift */,
				9030FF501BFAC92300948793 /* EMOEnums.swift */,
				90F758651C175615003F9C69 /* EMORequestParser.swift */,
			);
			name = Data;
			sourceTree = "<group>";
		};
		907C0F461BDEA9B100C896D3 /* ViewControllers */ = {
			isa = PBXGroup;
			children = (
				90330AA81C14A7E600A23B28 /* EMOBaseViewController.swift */,
				90EFFD8C1C090E9E005AD750 /* Emome */,
				90979B3B1BF8E84000F0DD67 /* Suggest */,
				90DC3F4A1BFD057F0064DE5D /* Me */,
				35E703041BE6E3CD0001B75D /* SpotifyApiTestViewController.swift */,
				90EFFD841C0806BF005AD750 /* EMOHomeViewController.swift */,
			);
			name = ViewControllers;
			sourceTree = "<group>";
		};
		907EDAFB1BB9990E00E49E34 /* EmomeUITests */ = {
			isa = PBXGroup;
			children = (
				907EDAFC1BB9990E00E49E34 /* EmomeUITests.swift */,
				907EDAFE1BB9990E00E49E34 /* Info.plist */,
			);
			path = EmomeUITests;
			sourceTree = "<group>";
		};
		90979B3B1BF8E84000F0DD67 /* Suggest */ = {
			isa = PBXGroup;
			children = (
				90979B3C1BF8EADB00F0DD67 /* EMOMyIdeasViewController.swift */,
				90330AA61C14A7BA00A23B28 /* EMOChooseSeggestionTypeViewController.swift */,
			);
			name = Suggest;
			sourceTree = "<group>";
		};
		90B9A8171C016A540008DAF4 /* Utils */ = {
			isa = PBXGroup;
			children = (
				906190B51BE6E4BC0061E103 /* EmoEmomeColors.swift */,
				90B9A8151C016A510008DAF4 /* GCDUtils.swift */,
			);
			name = Utils;
			sourceTree = "<group>";
		};
		90C6FD3B1BB0B5CE009F9FB3 = {
			isa = PBXGroup;
			children = (
				90C6FD461BB0B5CF009F9FB3 /* Emome */,
				900148521BB8726200EB992C /* EmomeTests */,
				907EDAFB1BB9990E00E49E34 /* EmomeUITests */,
				90C6FD451BB0B5CE009F9FB3 /* Products */,
				3057940CC6669AD423572305 /* Pods */,
				A1E2B34085E0F8003C70AC32 /* Frameworks */,
			);
			sourceTree = "<group>";
		};
		90C6FD451BB0B5CE009F9FB3 /* Products */ = {
			isa = PBXGroup;
			children = (
				90C6FD441BB0B5CE009F9FB3 /* Emome.app */,
				900148511BB8726200EB992C /* EmomeTests.xctest */,
				907EDAFA1BB9990E00E49E34 /* EmomeUITests.xctest */,
			);
			name = Products;
			sourceTree = "<group>";
		};
		90C6FD461BB0B5CF009F9FB3 /* Emome */ = {
			isa = PBXGroup;
			children = (
				90C6FD471BB0B5CF009F9FB3 /* AppDelegate.swift */,
				35E702FE1BE148F30001B75D /* Main.storyboard */,
				9030FF4F1BFA419500948793 /* Data */,
				9030FF4C1BFA416900948793 /* UI */,
				907C0F461BDEA9B100C896D3 /* ViewControllers */,
				90B9A8171C016A540008DAF4 /* Utils */,
				90C6FD4E1BB0B5CF009F9FB3 /* Assets.xcassets */,
				90C6FD501BB0B5CF009F9FB3 /* LaunchScreen.storyboard */,
				90C6FD531BB0B5CF009F9FB3 /* Info.plist */,
			);
			path = Emome;
			sourceTree = "<group>";
		};
		90DC3F4A1BFD057F0064DE5D /* Me */ = {
			isa = PBXGroup;
			children = (
				90B15D4F1BEDA029000E1B55 /* EMOAccountViewController.swift */,
			);
			name = Me;
			sourceTree = "<group>";
		};
		90EFFD8C1C090E9E005AD750 /* Emome */ = {
			isa = PBXGroup;
			children = (
				903A2DE01C07B27C00C8964A /* EMOColorSplashViewController.swift */,
				907C0F421BDEA94C00C896D3 /* EMOScenarioSelectionViewController.swift */,
				907C0F441BDEA9AC00C896D3 /* EMOSeggestionViewController.swift */,
			);
			name = Emome;
			sourceTree = "<group>";
		};
		A1E2B34085E0F8003C70AC32 /* Frameworks */ = {
			isa = PBXGroup;
			children = (
				85FF42BE84B4AE0D14439A0B /* Pods_Emome.framework */,
			);
			name = Frameworks;
			sourceTree = "<group>";
		};
/* End PBXGroup section */

/* Begin PBXNativeTarget section */
		900148501BB8726200EB992C /* EmomeTests */ = {
			isa = PBXNativeTarget;
			buildConfigurationList = 9001485A1BB8726200EB992C /* Build configuration list for PBXNativeTarget "EmomeTests" */;
			buildPhases = (
				9001484D1BB8726200EB992C /* Sources */,
				9001484E1BB8726200EB992C /* Frameworks */,
				9001484F1BB8726200EB992C /* Resources */,
			);
			buildRules = (
			);
			dependencies = (
				900148571BB8726200EB992C /* PBXTargetDependency */,
			);
			name = EmomeTests;
			productName = EmomeTests;
			productReference = 900148511BB8726200EB992C /* EmomeTests.xctest */;
			productType = "com.apple.product-type.bundle.unit-test";
		};
		907EDAF91BB9990E00E49E34 /* EmomeUITests */ = {
			isa = PBXNativeTarget;
			buildConfigurationList = 907EDB031BB9990E00E49E34 /* Build configuration list for PBXNativeTarget "EmomeUITests" */;
			buildPhases = (
				907EDAF61BB9990E00E49E34 /* Sources */,
				907EDAF71BB9990E00E49E34 /* Frameworks */,
				907EDAF81BB9990E00E49E34 /* Resources */,
			);
			buildRules = (
			);
			dependencies = (
				907EDB001BB9990E00E49E34 /* PBXTargetDependency */,
			);
			name = EmomeUITests;
			productName = EmomeUITests;
			productReference = 907EDAFA1BB9990E00E49E34 /* EmomeUITests.xctest */;
			productType = "com.apple.product-type.bundle.ui-testing";
		};
		90C6FD431BB0B5CE009F9FB3 /* Emome */ = {
			isa = PBXNativeTarget;
			buildConfigurationList = 90C6FD561BB0B5CF009F9FB3 /* Build configuration list for PBXNativeTarget "Emome" */;
			buildPhases = (
				872D6FE1342027DA090C7FBE /* Check Pods Manifest.lock */,
				90C6FD401BB0B5CE009F9FB3 /* Sources */,
				90C6FD411BB0B5CE009F9FB3 /* Frameworks */,
				90C6FD421BB0B5CE009F9FB3 /* Resources */,
				B2791DD055E3E5CDD6723CDD /* Copy Pods Resources */,
				906C8BF61BC208B00037C41D /* ShellScript */,
				502D4649E3AAC7DC8BB34806 /* Embed Pods Frameworks */,
			);
			buildRules = (
			);
			dependencies = (
			);
			name = Emome;
			productName = Emome;
			productReference = 90C6FD441BB0B5CE009F9FB3 /* Emome.app */;
			productType = "com.apple.product-type.application";
		};
/* End PBXNativeTarget section */

/* Begin PBXProject section */
		90C6FD3C1BB0B5CE009F9FB3 /* Project object */ = {
			isa = PBXProject;
			attributes = {
				LastUpgradeCheck = 0700;
				ORGANIZATIONNAME = Emome;
				TargetAttributes = {
					900148501BB8726200EB992C = {
						CreatedOnToolsVersion = 7.0;
						DevelopmentTeam = 5LEMESW6GH;
						TestTargetID = 90C6FD431BB0B5CE009F9FB3;
					};
					907EDAF91BB9990E00E49E34 = {
						CreatedOnToolsVersion = 7.0;
						DevelopmentTeam = 5LEMESW6GH;
						TestTargetID = 90C6FD431BB0B5CE009F9FB3;
					};
					90C6FD431BB0B5CE009F9FB3 = {
						CreatedOnToolsVersion = 7.0;
						DevelopmentTeam = 5LEMESW6GH;
					};
				};
			};
			buildConfigurationList = 90C6FD3F1BB0B5CE009F9FB3 /* Build configuration list for PBXProject "Emome" */;
			compatibilityVersion = "Xcode 3.2";
			developmentRegion = English;
			hasScannedForEncodings = 0;
			knownRegions = (
				en,
				Base,
			);
			mainGroup = 90C6FD3B1BB0B5CE009F9FB3;
			productRefGroup = 90C6FD451BB0B5CE009F9FB3 /* Products */;
			projectDirPath = "";
			projectRoot = "";
			targets = (
				90C6FD431BB0B5CE009F9FB3 /* Emome */,
				900148501BB8726200EB992C /* EmomeTests */,
				907EDAF91BB9990E00E49E34 /* EmomeUITests */,
			);
		};
/* End PBXProject section */

/* Begin PBXResourcesBuildPhase section */
		9001484F1BB8726200EB992C /* Resources */ = {
			isa = PBXResourcesBuildPhase;
			buildActionMask = 2147483647;
			files = (
			);
			runOnlyForDeploymentPostprocessing = 0;
		};
		907EDAF81BB9990E00E49E34 /* Resources */ = {
			isa = PBXResourcesBuildPhase;
			buildActionMask = 2147483647;
			files = (
			);
			runOnlyForDeploymentPostprocessing = 0;
		};
		90C6FD421BB0B5CE009F9FB3 /* Resources */ = {
			isa = PBXResourcesBuildPhase;
			buildActionMask = 2147483647;
			files = (
				35E702FF1BE148F30001B75D /* Main.storyboard in Resources */,
				90C6FD521BB0B5CF009F9FB3 /* LaunchScreen.storyboard in Resources */,
				9030FF4B1BFA416300948793 /* EMOSuggestionView.xib in Resources */,
				90C6FD4F1BB0B5CF009F9FB3 /* Assets.xcassets in Resources */,
			);
			runOnlyForDeploymentPostprocessing = 0;
		};
/* End PBXResourcesBuildPhase section */

/* Begin PBXShellScriptBuildPhase section */
		502D4649E3AAC7DC8BB34806 /* Embed Pods Frameworks */ = {
			isa = PBXShellScriptBuildPhase;
			buildActionMask = 2147483647;
			files = (
			);
			inputPaths = (
			);
			name = "Embed Pods Frameworks";
			outputPaths = (
			);
			runOnlyForDeploymentPostprocessing = 0;
			shellPath = /bin/sh;
			shellScript = "\"${SRCROOT}/Pods/Target Support Files/Pods-Emome/Pods-Emome-frameworks.sh\"\n";
			showEnvVarsInLog = 0;
		};
		872D6FE1342027DA090C7FBE /* Check Pods Manifest.lock */ = {
			isa = PBXShellScriptBuildPhase;
			buildActionMask = 2147483647;
			files = (
			);
			inputPaths = (
			);
			name = "Check Pods Manifest.lock";
			outputPaths = (
			);
			runOnlyForDeploymentPostprocessing = 0;
			shellPath = /bin/sh;
			shellScript = "diff \"${PODS_ROOT}/../Podfile.lock\" \"${PODS_ROOT}/Manifest.lock\" > /dev/null\nif [[ $? != 0 ]] ; then\n    cat << EOM\nerror: The sandbox is not in sync with the Podfile.lock. Run 'pod install' or update your CocoaPods installation.\nEOM\n    exit 1\nfi\n";
			showEnvVarsInLog = 0;
		};
		906C8BF61BC208B00037C41D /* ShellScript */ = {
			isa = PBXShellScriptBuildPhase;
			buildActionMask = 2147483647;
			files = (
			);
			inputPaths = (
			);
			outputPaths = (
			);
			runOnlyForDeploymentPostprocessing = 0;
			shellPath = /bin/sh;
			shellScript = "\"${PODS_ROOT}/Fabric/Fabric.framework/run\" c72a781d0eeffdf9d09e4aaed6550a935c499862 916e45a8b660d89617fd8c685e169e751b1945c73b55d1b692de6c267b8af012";
		};
		B2791DD055E3E5CDD6723CDD /* Copy Pods Resources */ = {
			isa = PBXShellScriptBuildPhase;
			buildActionMask = 2147483647;
			files = (
			);
			inputPaths = (
			);
			name = "Copy Pods Resources";
			outputPaths = (
			);
			runOnlyForDeploymentPostprocessing = 0;
			shellPath = /bin/sh;
			shellScript = "\"${SRCROOT}/Pods/Target Support Files/Pods-Emome/Pods-Emome-resources.sh\"\n";
			showEnvVarsInLog = 0;
		};
/* End PBXShellScriptBuildPhase section */

/* Begin PBXSourcesBuildPhase section */
		9001484D1BB8726200EB992C /* Sources */ = {
			isa = PBXSourcesBuildPhase;
			buildActionMask = 2147483647;
			files = (
				90F758641C172C65003F9C69 /* EMODataManagerTests.swift in Sources */,
				9001486D1BB984CE00EB992C /* EMOEmotionTests.swift in Sources */,
				90152C6A1C15D78B009047EB /* EMOSuggestionTests.swift in Sources */,
			);
			runOnlyForDeploymentPostprocessing = 0;
		};
		907EDAF61BB9990E00E49E34 /* Sources */ = {
			isa = PBXSourcesBuildPhase;
			buildActionMask = 2147483647;
			files = (
				907EDAFD1BB9990E00E49E34 /* EmomeUITests.swift in Sources */,
			);
			runOnlyForDeploymentPostprocessing = 0;
		};
		90C6FD401BB0B5CE009F9FB3 /* Sources */ = {
			isa = PBXSourcesBuildPhase;
			buildActionMask = 2147483647;
			files = (
				35E703051BE6E3CD0001B75D /* SpotifyApiTestViewController.swift in Sources */,
				90F758621C168AB9003F9C69 /* EMOScenario.swift in Sources */,
				90979B3D1BF8EADB00F0DD67 /* EMOMyIdeasViewController.swift in Sources */,
				903A2DE11C07B27C00C8964A /* EMOColorSplashViewController.swift in Sources */,
				90EFFD851C0806BF005AD750 /* EMOHomeViewController.swift in Sources */,
				90F758661C175615003F9C69 /* EMORequestParser.swift in Sources */,
				907C0F431BDEA94C00C896D3 /* EMOScenarioSelectionViewController.swift in Sources */,
				907C0F451BDEA9AC00C896D3 /* EMOSeggestionViewController.swift in Sources */,
				90EFFD871C08C9CB005AD750 /* EMOEmotionColorButton.swift in Sources */,
				90EFFD8B1C090258005AD750 /* EMOHomeActionButton.swift in Sources */,
				9030FF491BFA415700948793 /* EMOSuggestionView.swift in Sources */,
				90DF63801C14974C00AC74AC /* EMOColorSplashLayer.swift in Sources */,
				90330AA71C14A7BA00A23B28 /* EMOChooseSeggestionTypeViewController.swift in Sources */,
				90C6FD481BB0B5CF009F9FB3 /* AppDelegate.swift in Sources */,
				90B15D501BEDA029000E1B55 /* EMOAccountViewController.swift in Sources */,
				906190B61BE6E4BC0061E103 /* EmoEmomeColors.swift in Sources */,
				908C890D1BE06C1100190BB5 /* EMODataManager.swift in Sources */,
				90B9A8161C016A510008DAF4 /* GCDUtils.swift in Sources */,
				9030FF511BFAC92300948793 /* EMOEnums.swift in Sources */,
				9030FF4E1BFA419100948793 /* EMOSuggestion.swift in Sources */,
				90330AA91C14A7E600A23B28 /* EMOBaseViewController.swift in Sources */,
			);
			runOnlyForDeploymentPostprocessing = 0;
		};
/* End PBXSourcesBuildPhase section */

/* Begin PBXTargetDependency section */
		900148571BB8726200EB992C /* PBXTargetDependency */ = {
			isa = PBXTargetDependency;
			target = 90C6FD431BB0B5CE009F9FB3 /* Emome */;
			targetProxy = 900148561BB8726200EB992C /* PBXContainerItemProxy */;
		};
		907EDB001BB9990E00E49E34 /* PBXTargetDependency */ = {
			isa = PBXTargetDependency;
			target = 90C6FD431BB0B5CE009F9FB3 /* Emome */;
			targetProxy = 907EDAFF1BB9990E00E49E34 /* PBXContainerItemProxy */;
		};
/* End PBXTargetDependency section */

/* Begin PBXVariantGroup section */
		90C6FD501BB0B5CF009F9FB3 /* LaunchScreen.storyboard */ = {
			isa = PBXVariantGroup;
			children = (
				90C6FD511BB0B5CF009F9FB3 /* Base */,
			);
			name = LaunchScreen.storyboard;
			sourceTree = "<group>";
		};
/* End PBXVariantGroup section */

/* Begin XCBuildConfiguration section */
		900148581BB8726200EB992C /* Debug */ = {
			isa = XCBuildConfiguration;
			buildSettings = {
				BUNDLE_LOADER = "$(TEST_HOST)";
				INFOPLIST_FILE = EmomeTests/Info.plist;
				LD_RUNPATH_SEARCH_PATHS = "$(inherited) @executable_path/Frameworks @loader_path/Frameworks";
				PRODUCT_BUNDLE_IDENTIFIER = com.emome.EmomeTests;
				PRODUCT_NAME = "$(TARGET_NAME)";
				TEST_HOST = "$(BUILT_PRODUCTS_DIR)/Emome.app/Emome";
			};
			name = Debug;
		};
		900148591BB8726200EB992C /* Release */ = {
			isa = XCBuildConfiguration;
			buildSettings = {
				BUNDLE_LOADER = "$(TEST_HOST)";
				INFOPLIST_FILE = EmomeTests/Info.plist;
				LD_RUNPATH_SEARCH_PATHS = "$(inherited) @executable_path/Frameworks @loader_path/Frameworks";
				PRODUCT_BUNDLE_IDENTIFIER = com.emome.EmomeTests;
				PRODUCT_NAME = "$(TARGET_NAME)";
				TEST_HOST = "$(BUILT_PRODUCTS_DIR)/Emome.app/Emome";
			};
			name = Release;
		};
		907EDB011BB9990E00E49E34 /* Debug */ = {
			isa = XCBuildConfiguration;
			buildSettings = {
				INFOPLIST_FILE = EmomeUITests/Info.plist;
				LD_RUNPATH_SEARCH_PATHS = "$(inherited) @executable_path/Frameworks @loader_path/Frameworks";
				PRODUCT_BUNDLE_IDENTIFIER = com.emome.EmomeUITests;
				PRODUCT_NAME = "$(TARGET_NAME)";
				TEST_TARGET_NAME = Emome;
				USES_XCTRUNNER = YES;
			};
			name = Debug;
		};
		907EDB021BB9990E00E49E34 /* Release */ = {
			isa = XCBuildConfiguration;
			buildSettings = {
				INFOPLIST_FILE = EmomeUITests/Info.plist;
				LD_RUNPATH_SEARCH_PATHS = "$(inherited) @executable_path/Frameworks @loader_path/Frameworks";
				PRODUCT_BUNDLE_IDENTIFIER = com.emome.EmomeUITests;
				PRODUCT_NAME = "$(TARGET_NAME)";
				TEST_TARGET_NAME = Emome;
				USES_XCTRUNNER = YES;
			};
			name = Release;
		};
		90C6FD541BB0B5CF009F9FB3 /* Debug */ = {
			isa = XCBuildConfiguration;
			buildSettings = {
				ALWAYS_SEARCH_USER_PATHS = NO;
				CLANG_CXX_LANGUAGE_STANDARD = "gnu++0x";
				CLANG_CXX_LIBRARY = "libc++";
				CLANG_ENABLE_MODULES = YES;
				CLANG_ENABLE_OBJC_ARC = YES;
				CLANG_WARN_BOOL_CONVERSION = YES;
				CLANG_WARN_CONSTANT_CONVERSION = YES;
				CLANG_WARN_DIRECT_OBJC_ISA_USAGE = YES_ERROR;
				CLANG_WARN_EMPTY_BODY = YES;
				CLANG_WARN_ENUM_CONVERSION = YES;
				CLANG_WARN_INT_CONVERSION = YES;
				CLANG_WARN_OBJC_ROOT_CLASS = YES_ERROR;
				CLANG_WARN_UNREACHABLE_CODE = YES;
				CLANG_WARN__DUPLICATE_METHOD_MATCH = YES;
				CODE_SIGN_IDENTITY = "iPhone Developer";
				"CODE_SIGN_IDENTITY[sdk=iphoneos*]" = "iPhone Developer";
				COPY_PHASE_STRIP = NO;
				DEBUG_INFORMATION_FORMAT = dwarf;
				ENABLE_STRICT_OBJC_MSGSEND = YES;
				ENABLE_TESTABILITY = YES;
				GCC_C_LANGUAGE_STANDARD = gnu99;
				GCC_DYNAMIC_NO_PIC = NO;
				GCC_NO_COMMON_BLOCKS = YES;
				GCC_OPTIMIZATION_LEVEL = 0;
				GCC_PREPROCESSOR_DEFINITIONS = (
					"DEBUG=1",
					"$(inherited)",
				);
				GCC_WARN_64_TO_32_BIT_CONVERSION = YES;
				GCC_WARN_ABOUT_RETURN_TYPE = YES_ERROR;
				GCC_WARN_UNDECLARED_SELECTOR = YES;
				GCC_WARN_UNINITIALIZED_AUTOS = YES_AGGRESSIVE;
				GCC_WARN_UNUSED_FUNCTION = YES;
				GCC_WARN_UNUSED_VARIABLE = YES;
				IPHONEOS_DEPLOYMENT_TARGET = 9.0;
				MTL_ENABLE_DEBUG_INFO = YES;
				ONLY_ACTIVE_ARCH = YES;
				SDKROOT = iphoneos;
				SWIFT_OPTIMIZATION_LEVEL = "-Onone";
			};
			name = Debug;
		};
		90C6FD551BB0B5CF009F9FB3 /* Release */ = {
			isa = XCBuildConfiguration;
			buildSettings = {
				ALWAYS_SEARCH_USER_PATHS = NO;
				CLANG_CXX_LANGUAGE_STANDARD = "gnu++0x";
				CLANG_CXX_LIBRARY = "libc++";
				CLANG_ENABLE_MODULES = YES;
				CLANG_ENABLE_OBJC_ARC = YES;
				CLANG_WARN_BOOL_CONVERSION = YES;
				CLANG_WARN_CONSTANT_CONVERSION = YES;
				CLANG_WARN_DIRECT_OBJC_ISA_USAGE = YES_ERROR;
				CLANG_WARN_EMPTY_BODY = YES;
				CLANG_WARN_ENUM_CONVERSION = YES;
				CLANG_WARN_INT_CONVERSION = YES;
				CLANG_WARN_OBJC_ROOT_CLASS = YES_ERROR;
				CLANG_WARN_UNREACHABLE_CODE = YES;
				CLANG_WARN__DUPLICATE_METHOD_MATCH = YES;
				CODE_SIGN_IDENTITY = "iPhone Developer";
				"CODE_SIGN_IDENTITY[sdk=iphoneos*]" = "iPhone Developer";
				COPY_PHASE_STRIP = NO;
				DEBUG_INFORMATION_FORMAT = "dwarf-with-dsym";
				ENABLE_NS_ASSERTIONS = NO;
				ENABLE_STRICT_OBJC_MSGSEND = YES;
				GCC_C_LANGUAGE_STANDARD = gnu99;
				GCC_NO_COMMON_BLOCKS = YES;
				GCC_WARN_64_TO_32_BIT_CONVERSION = YES;
				GCC_WARN_ABOUT_RETURN_TYPE = YES_ERROR;
				GCC_WARN_UNDECLARED_SELECTOR = YES;
				GCC_WARN_UNINITIALIZED_AUTOS = YES_AGGRESSIVE;
				GCC_WARN_UNUSED_FUNCTION = YES;
				GCC_WARN_UNUSED_VARIABLE = YES;
				IPHONEOS_DEPLOYMENT_TARGET = 9.0;
				MTL_ENABLE_DEBUG_INFO = NO;
				SDKROOT = iphoneos;
				VALIDATE_PRODUCT = YES;
			};
			name = Release;
		};
		90C6FD571BB0B5CF009F9FB3 /* Debug */ = {
			isa = XCBuildConfiguration;
			baseConfigurationReference = 46D4581E639FC267AAA9CFD7 /* Pods-Emome.debug.xcconfig */;
			buildSettings = {
				ASSETCATALOG_COMPILER_APPICON_NAME = AppIcon;
				CODE_SIGN_IDENTITY = "iPhone Developer";
				"CODE_SIGN_IDENTITY[sdk=iphoneos*]" = "iPhone Developer";
				ENABLE_BITCODE = NO;
				INFOPLIST_FILE = Emome/Info.plist;
				IPHONEOS_DEPLOYMENT_TARGET = 9.0;
				LD_RUNPATH_SEARCH_PATHS = "$(inherited) @executable_path/Frameworks";
				PRODUCT_BUNDLE_IDENTIFIER = com.emomeapp.Emome;
				PRODUCT_NAME = "$(TARGET_NAME)";
				PROVISIONING_PROFILE = "";
			};
			name = Debug;
		};
		90C6FD581BB0B5CF009F9FB3 /* Release */ = {
			isa = XCBuildConfiguration;
			baseConfigurationReference = 2B023C10DB84DBFEFD98AC98 /* Pods-Emome.release.xcconfig */;
			buildSettings = {
				ASSETCATALOG_COMPILER_APPICON_NAME = AppIcon;
				CODE_SIGN_IDENTITY = "iPhone Developer";
				"CODE_SIGN_IDENTITY[sdk=iphoneos*]" = "iPhone Developer";
				ENABLE_BITCODE = NO;
				INFOPLIST_FILE = Emome/Info.plist;
				IPHONEOS_DEPLOYMENT_TARGET = 9.0;
				LD_RUNPATH_SEARCH_PATHS = "$(inherited) @executable_path/Frameworks";
				PRODUCT_BUNDLE_IDENTIFIER = com.emomeapp.Emome;
				PRODUCT_NAME = "$(TARGET_NAME)";
				PROVISIONING_PROFILE = "";
			};
			name = Release;
		};
/* End XCBuildConfiguration section */

/* Begin XCConfigurationList section */
		9001485A1BB8726200EB992C /* Build configuration list for PBXNativeTarget "EmomeTests" */ = {
			isa = XCConfigurationList;
			buildConfigurations = (
				900148581BB8726200EB992C /* Debug */,
				900148591BB8726200EB992C /* Release */,
			);
			defaultConfigurationIsVisible = 0;
			defaultConfigurationName = Release;
		};
		907EDB031BB9990E00E49E34 /* Build configuration list for PBXNativeTarget "EmomeUITests" */ = {
			isa = XCConfigurationList;
			buildConfigurations = (
				907EDB011BB9990E00E49E34 /* Debug */,
				907EDB021BB9990E00E49E34 /* Release */,
			);
			defaultConfigurationIsVisible = 0;
			defaultConfigurationName = Release;
		};
		90C6FD3F1BB0B5CE009F9FB3 /* Build configuration list for PBXProject "Emome" */ = {
			isa = XCConfigurationList;
			buildConfigurations = (
				90C6FD541BB0B5CF009F9FB3 /* Debug */,
				90C6FD551BB0B5CF009F9FB3 /* Release */,
			);
			defaultConfigurationIsVisible = 0;
			defaultConfigurationName = Release;
		};
		90C6FD561BB0B5CF009F9FB3 /* Build configuration list for PBXNativeTarget "Emome" */ = {
			isa = XCConfigurationList;
			buildConfigurations = (
				90C6FD571BB0B5CF009F9FB3 /* Debug */,
				90C6FD581BB0B5CF009F9FB3 /* Release */,
			);
			defaultConfigurationIsVisible = 0;
			defaultConfigurationName = Release;
		};
/* End XCConfigurationList section */
	};
	rootObject = 90C6FD3C1BB0B5CE009F9FB3 /* Project object */;
}
