// !$*UTF8*$!
{
	archiveVersion = 1;
	classes = {
	};
	objectVersion = 46;
	objects = {

/* Begin PBXBuildFile section */
		3D877DB4BCF26A4AAE1129BF /* libPods-Emome.a in Frameworks */ = {isa = PBXBuildFile; fileRef = FAF24BBEF12B9BC40A966740 /* libPods-Emome.a */; };
		900148541BB8726200EB992C /* EmomeTests.swift in Sources */ = {isa = PBXBuildFile; fileRef = 900148531BB8726200EB992C /* EmomeTests.swift */; };
		9001486D1BB984CE00EB992C /* EMOEmotionSelectionTests.swift in Sources */ = {isa = PBXBuildFile; fileRef = 9001486C1BB984CE00EB992C /* EMOEmotionSelectionTests.swift */; settings = {ASSET_TAGS = (); }; };
		907EDAFD1BB9990E00E49E34 /* EmomeUITests.swift in Sources */ = {isa = PBXBuildFile; fileRef = 907EDAFC1BB9990E00E49E34 /* EmomeUITests.swift */; };
		90C6FD481BB0B5CF009F9FB3 /* AppDelegate.swift in Sources */ = {isa = PBXBuildFile; fileRef = 90C6FD471BB0B5CF009F9FB3 /* AppDelegate.swift */; };
		90C6FD4A1BB0B5CF009F9FB3 /* EMOEmotionSelectionViewController.swift in Sources */ = {isa = PBXBuildFile; fileRef = 90C6FD491BB0B5CF009F9FB3 /* EMOEmotionSelectionViewController.swift */; };
		90C6FD4D1BB0B5CF009F9FB3 /* Main.storyboard in Resources */ = {isa = PBXBuildFile; fileRef = 90C6FD4B1BB0B5CF009F9FB3 /* Main.storyboard */; };
		90C6FD4F1BB0B5CF009F9FB3 /* Assets.xcassets in Resources */ = {isa = PBXBuildFile; fileRef = 90C6FD4E1BB0B5CF009F9FB3 /* Assets.xcassets */; };
		90C6FD521BB0B5CF009F9FB3 /* LaunchScreen.storyboard in Resources */ = {isa = PBXBuildFile; fileRef = 90C6FD501BB0B5CF009F9FB3 /* LaunchScreen.storyboard */; };
/* End PBXBuildFile section */

/* Begin PBXContainerItemProxy section */
		900148561BB8726200EB992C /* PBXContainerItemProxy */ = {
			isa = PBXContainerItemProxy;
			containerPortal = 90C6FD3C1BB0B5CE009F9FB3 /* Project object */;
			proxyType = 1;
			remoteGlobalIDString = 90C6FD431BB0B5CE009F9FB3;
			remoteInfo = Emome;
		};
		907EDAFF1BB9990E00E49E34 /* PBXContainerItemProxy */ = {
			isa = PBXContainerItemProxy;
			containerPortal = 90C6FD3C1BB0B5CE009F9FB3 /* Project object */;
			proxyType = 1;
			remoteGlobalIDString = 90C6FD431BB0B5CE009F9FB3;
			remoteInfo = Emome;
		};
/* End PBXContainerItemProxy section */

/* Begin PBXFileReference section */
		2B023C10DB84DBFEFD98AC98 /* Pods-Emome.release.xcconfig */ = {isa = PBXFileReference; includeInIndex = 1; lastKnownFileType = text.xcconfig; name = "Pods-Emome.release.xcconfig"; path = "Pods/Target Support Files/Pods-Emome/Pods-Emome.release.xcconfig"; sourceTree = "<group>"; };
		46D4581E639FC267AAA9CFD7 /* Pods-Emome.debug.xcconfig */ = {isa = PBXFileReference; includeInIndex = 1; lastKnownFileType = text.xcconfig; name = "Pods-Emome.debug.xcconfig"; path = "Pods/Target Support Files/Pods-Emome/Pods-Emome.debug.xcconfig"; sourceTree = "<group>"; };
		900148511BB8726200EB992C /* EmomeTests.xctest */ = {isa = PBXFileReference; explicitFileType = wrapper.cfbundle; includeInIndex = 0; path = EmomeTests.xctest; sourceTree = BUILT_PRODUCTS_DIR; };
		900148531BB8726200EB992C /* EmomeTests.swift */ = {isa = PBXFileReference; lastKnownFileType = sourcecode.swift; path = EmomeTests.swift; sourceTree = "<group>"; };
		900148551BB8726200EB992C /* Info.plist */ = {isa = PBXFileReference; lastKnownFileType = text.plist.xml; path = Info.plist; sourceTree = "<group>"; };
		9001486C1BB984CE00EB992C /* EMOEmotionSelectionTests.swift */ = {isa = PBXFileReference; fileEncoding = 4; lastKnownFileType = sourcecode.swift; path = EMOEmotionSelectionTests.swift; sourceTree = "<group>"; };
		907EDAFA1BB9990E00E49E34 /* EmomeUITests.xctest */ = {isa = PBXFileReference; explicitFileType = wrapper.cfbundle; includeInIndex = 0; path = EmomeUITests.xctest; sourceTree = BUILT_PRODUCTS_DIR; };
		907EDAFC1BB9990E00E49E34 /* EmomeUITests.swift */ = {isa = PBXFileReference; lastKnownFileType = sourcecode.swift; path = EmomeUITests.swift; sourceTree = "<group>"; };
		907EDAFE1BB9990E00E49E34 /* Info.plist */ = {isa = PBXFileReference; lastKnownFileType = text.plist.xml; path = Info.plist; sourceTree = "<group>"; };
		90C6FD441BB0B5CE009F9FB3 /* Emome.app */ = {isa = PBXFileReference; explicitFileType = wrapper.application; includeInIndex = 0; path = Emome.app; sourceTree = BUILT_PRODUCTS_DIR; };
		90C6FD471BB0B5CF009F9FB3 /* AppDelegate.swift */ = {isa = PBXFileReference; lastKnownFileType = sourcecode.swift; path = AppDelegate.swift; sourceTree = "<group>"; };
		90C6FD491BB0B5CF009F9FB3 /* EMOEmotionSelectionViewController.swift */ = {isa = PBXFileReference; lastKnownFileType = sourcecode.swift; path = EMOEmotionSelectionViewController.swift; sourceTree = "<group>"; };
		90C6FD4C1BB0B5CF009F9FB3 /* Base */ = {isa = PBXFileReference; lastKnownFileType = file.storyboard; name = Base; path = Base.lproj/Main.storyboard; sourceTree = "<group>"; };
		90C6FD4E1BB0B5CF009F9FB3 /* Assets.xcassets */ = {isa = PBXFileReference; lastKnownFileType = folder.assetcatalog; path = Assets.xcassets; sourceTree = "<group>"; };
		90C6FD511BB0B5CF009F9FB3 /* Base */ = {isa = PBXFileReference; lastKnownFileType = file.storyboard; name = Base; path = Base.lproj/LaunchScreen.storyboard; sourceTree = "<group>"; };
		90C6FD531BB0B5CF009F9FB3 /* Info.plist */ = {isa = PBXFileReference; lastKnownFileType = text.plist.xml; path = Info.plist; sourceTree = "<group>"; };
		FAF24BBEF12B9BC40A966740 /* libPods-Emome.a */ = {isa = PBXFileReference; explicitFileType = archive.ar; includeInIndex = 0; path = "libPods-Emome.a"; sourceTree = BUILT_PRODUCTS_DIR; };
/* End PBXFileReference section */

/* Begin PBXFrameworksBuildPhase section */
		9001484E1BB8726200EB992C /* Frameworks */ = {
			isa = PBXFrameworksBuildPhase;
			buildActionMask = 2147483647;
			files = (
			);
			runOnlyForDeploymentPostprocessing = 0;
		};
		907EDAF71BB9990E00E49E34 /* Frameworks */ = {
			isa = PBXFrameworksBuildPhase;
			buildActionMask = 2147483647;
			files = (
			);
			runOnlyForDeploymentPostprocessing = 0;
		};
		90C6FD411BB0B5CE009F9FB3 /* Frameworks */ = {
			isa = PBXFrameworksBuildPhase;
			buildActionMask = 2147483647;
			files = (
				3D877DB4BCF26A4AAE1129BF /* libPods-Emome.a in Frameworks */,
			);
			runOnlyForDeploymentPostprocessing = 0;
		};
/* End PBXFrameworksBuildPhase section */

/* Begin PBXGroup section */
		3057940CC6669AD423572305 /* Pods */ = {
			isa = PBXGroup;
			children = (
				46D4581E639FC267AAA9CFD7 /* Pods-Emome.debug.xcconfig */,
				2B023C10DB84DBFEFD98AC98 /* Pods-Emome.release.xcconfig */,
			);
			name = Pods;
			sourceTree = "<group>";
		};
		900148521BB8726200EB992C /* EmomeTests */ = {
			isa = PBXGroup;
			children = (
				900148531BB8726200EB992C /* EmomeTests.swift */,
				9001486C1BB984CE00EB992C /* EMOEmotionSelectionTests.swift */,
				900148551BB8726200EB992C /* Info.plist */,
			);
			path = EmomeTests;
			sourceTree = "<group>";
		};
		907EDAFB1BB9990E00E49E34 /* EmomeUITests */ = {
			isa = PBXGroup;
			children = (
				907EDAFC1BB9990E00E49E34 /* EmomeUITests.swift */,
				907EDAFE1BB9990E00E49E34 /* Info.plist */,
			);
			path = EmomeUITests;
			sourceTree = "<group>";
		};
		90C6FD3B1BB0B5CE009F9FB3 = {
			isa = PBXGroup;
			children = (
				90C6FD461BB0B5CF009F9FB3 /* Emome */,
				900148521BB8726200EB992C /* EmomeTests */,
				907EDAFB1BB9990E00E49E34 /* EmomeUITests */,
				90C6FD451BB0B5CE009F9FB3 /* Products */,
				3057940CC6669AD423572305 /* Pods */,
				A1E2B34085E0F8003C70AC32 /* Frameworks */,
			);
			sourceTree = "<group>";
		};
		90C6FD451BB0B5CE009F9FB3 /* Products */ = {
			isa = PBXGroup;
			children = (
				90C6FD441BB0B5CE009F9FB3 /* Emome.app */,
				900148511BB8726200EB992C /* EmomeTests.xctest */,
				907EDAFA1BB9990E00E49E34 /* EmomeUITests.xctest */,
			);
			name = Products;
			sourceTree = "<group>";
		};
		90C6FD461BB0B5CF009F9FB3 /* Emome */ = {
			isa = PBXGroup;
			children = (
				90C6FD471BB0B5CF009F9FB3 /* AppDelegate.swift */,
				90C6FD491BB0B5CF009F9FB3 /* EMOEmotionSelectionViewController.swift */,
				90C6FD4B1BB0B5CF009F9FB3 /* Main.storyboard */,
				90C6FD4E1BB0B5CF009F9FB3 /* Assets.xcassets */,
				90C6FD501BB0B5CF009F9FB3 /* LaunchScreen.storyboard */,
				90C6FD531BB0B5CF009F9FB3 /* Info.plist */,
			);
			path = Emome;
			sourceTree = "<group>";
		};
		A1E2B34085E0F8003C70AC32 /* Frameworks */ = {
			isa = PBXGroup;
			children = (
				FAF24BBEF12B9BC40A966740 /* libPods-Emome.a */,
			);
			name = Frameworks;
			sourceTree = "<group>";
		};
/* End PBXGroup section */

/* Begin PBXNativeTarget section */
		900148501BB8726200EB992C /* EmomeTests */ = {
			isa = PBXNativeTarget;
			buildConfigurationList = 9001485A1BB8726200EB992C /* Build configuration list for PBXNativeTarget "EmomeTests" */;
			buildPhases = (
				9001484D1BB8726200EB992C /* Sources */,
				9001484E1BB8726200EB992C /* Frameworks */,
				9001484F1BB8726200EB992C /* Resources */,
			);
			buildRules = (
			);
			dependencies = (
				900148571BB8726200EB992C /* PBXTargetDependency */,
			);
			name = EmomeTests;
			productName = EmomeTests;
			productReference = 900148511BB8726200EB992C /* EmomeTests.xctest */;
			productType = "com.apple.product-type.bundle.unit-test";
		};
		907EDAF91BB9990E00E49E34 /* EmomeUITests */ = {
			isa = PBXNativeTarget;
			buildConfigurationList = 907EDB031BB9990E00E49E34 /* Build configuration list for PBXNativeTarget "EmomeUITests" */;
			buildPhases = (
				907EDAF61BB9990E00E49E34 /* Sources */,
				907EDAF71BB9990E00E49E34 /* Frameworks */,
				907EDAF81BB9990E00E49E34 /* Resources */,
			);
			buildRules = (
			);
			dependencies = (
				907EDB001BB9990E00E49E34 /* PBXTargetDependency */,
			);
			name = EmomeUITests;
			productName = EmomeUITests;
			productReference = 907EDAFA1BB9990E00E49E34 /* EmomeUITests.xctest */;
			productType = "com.apple.product-type.bundle.ui-testing";
		};
		90C6FD431BB0B5CE009F9FB3 /* Emome */ = {
			isa = PBXNativeTarget;
			buildConfigurationList = 90C6FD561BB0B5CF009F9FB3 /* Build configuration list for PBXNativeTarget "Emome" */;
			buildPhases = (
				872D6FE1342027DA090C7FBE /* Check Pods Manifest.lock */,
				90C6FD401BB0B5CE009F9FB3 /* Sources */,
				90C6FD411BB0B5CE009F9FB3 /* Frameworks */,
				90C6FD421BB0B5CE009F9FB3 /* Resources */,
				B2791DD055E3E5CDD6723CDD /* Copy Pods Resources */,
				906C8BF61BC208B00037C41D /* ShellScript */,
			);
			buildRules = (
			);
			dependencies = (
			);
			name = Emome;
			productName = Emome;
			productReference = 90C6FD441BB0B5CE009F9FB3 /* Emome.app */;
			productType = "com.apple.product-type.application";
		};
/* End PBXNativeTarget section */

/* Begin PBXProject section */
		90C6FD3C1BB0B5CE009F9FB3 /* Project object */ = {
			isa = PBXProject;
			attributes = {
				LastUpgradeCheck = 0700;
				ORGANIZATIONNAME = Emome;
				TargetAttributes = {
					900148501BB8726200EB992C = {
						CreatedOnToolsVersion = 7.0;
						DevelopmentTeam = 5LEMESW6GH;
						TestTargetID = 90C6FD431BB0B5CE009F9FB3;
					};
					907EDAF91BB9990E00E49E34 = {
						CreatedOnToolsVersion = 7.0;
						DevelopmentTeam = 5LEMESW6GH;
						TestTargetID = 90C6FD431BB0B5CE009F9FB3;
					};
					90C6FD431BB0B5CE009F9FB3 = {
						CreatedOnToolsVersion = 7.0;
					};
				};
			};
			buildConfigurationList = 90C6FD3F1BB0B5CE009F9FB3 /* Build configuration list for PBXProject "Emome" */;
			compatibilityVersion = "Xcode 3.2";
			developmentRegion = English;
			hasScannedForEncodings = 0;
			knownRegions = (
				en,
				Base,
			);
			mainGroup = 90C6FD3B1BB0B5CE009F9FB3;
			productRefGroup = 90C6FD451BB0B5CE009F9FB3 /* Products */;
			projectDirPath = "";
			projectRoot = "";
			targets = (
				90C6FD431BB0B5CE009F9FB3 /* Emome */,
				900148501BB8726200EB992C /* EmomeTests */,
				907EDAF91BB9990E00E49E34 /* EmomeUITests */,
			);
		};
/* End PBXProject section */

/* Begin PBXResourcesBuildPhase section */
		9001484F1BB8726200EB992C /* Resources */ = {
			isa = PBXResourcesBuildPhase;
			buildActionMask = 2147483647;
			files = (
			);
			runOnlyForDeploymentPostprocessing = 0;
		};
		907EDAF81BB9990E00E49E34 /* Resources */ = {
			isa = PBXResourcesBuildPhase;
			buildActionMask = 2147483647;
			files = (
			);
			runOnlyForDeploymentPostprocessing = 0;
		};
		90C6FD421BB0B5CE009F9FB3 /* Resources */ = {
			isa = PBXResourcesBuildPhase;
			buildActionMask = 2147483647;
			files = (
				90C6FD521BB0B5CF009F9FB3 /* LaunchScreen.storyboard in Resources */,
				90C6FD4F1BB0B5CF009F9FB3 /* Assets.xcassets in Resources */,
				90C6FD4D1BB0B5CF009F9FB3 /* Main.storyboard in Resources */,
			);
			runOnlyForDeploymentPostprocessing = 0;
		};
/* End PBXResourcesBuildPhase section */

/* Begin PBXShellScriptBuildPhase section */
		872D6FE1342027DA090C7FBE /* Check Pods Manifest.lock */ = {
			isa = PBXShellScriptBuildPhase;
			buildActionMask = 2147483647;
			files = (
			);
			inputPaths = (
			);
			name = "Check Pods Manifest.lock";
			outputPaths = (
			);
			runOnlyForDeploymentPostprocessing = 0;
			shellPath = /bin/sh;
			shellScript = "diff \"${PODS_ROOT}/../Podfile.lock\" \"${PODS_ROOT}/Manifest.lock\" > /dev/null\nif [[ $? != 0 ]] ; then\n    cat << EOM\nerror: The sandbox is not in sync with the Podfile.lock. Run 'pod install' or update your CocoaPods installation.\nEOM\n    exit 1\nfi\n";
			showEnvVarsInLog = 0;
		};
		906C8BF61BC208B00037C41D /* ShellScript */ = {
			isa = PBXShellScriptBuildPhase;
			buildActionMask = 2147483647;
			files = (
			);
			inputPaths = (
			);
			outputPaths = (
			);
			runOnlyForDeploymentPostprocessing = 0;
			shellPath = /bin/sh;
			shellScript = "\"./Pods/Fabric/Fabric.framework/run\" c72a781d0eeffdf9d09e4aaed6550a935c499862 916e45a8b660d89617fd8c685e169e751b1945c73b55d1b692de6c267b8af012";
		};
		B2791DD055E3E5CDD6723CDD /* Copy Pods Resources */ = {
			isa = PBXShellScriptBuildPhase;
			buildActionMask = 2147483647;
			files = (
			);
			inputPaths = (
			);
			name = "Copy Pods Resources";
			outputPaths = (
			);
			runOnlyForDeploymentPostprocessing = 0;
			shellPath = /bin/sh;
			shellScript = "\"${SRCROOT}/Pods/Target Support Files/Pods-Emome/Pods-Emome-resources.sh\"\n";
			showEnvVarsInLog = 0;
		};
/* End PBXShellScriptBuildPhase section */

/* Begin PBXSourcesBuildPhase section */
		9001484D1BB8726200EB992C /* Sources */ = {
			isa = PBXSourcesBuildPhase;
			buildActionMask = 2147483647;
			files = (
				900148541BB8726200EB992C /* EmomeTests.swift in Sources */,
				9001486D1BB984CE00EB992C /* EMOEmotionSelectionTests.swift in Sources */,
			);
			runOnlyForDeploymentPostprocessing = 0;
		};
		907EDAF61BB9990E00E49E34 /* Sources */ = {
			isa = PBXSourcesBuildPhase;
			buildActionMask = 2147483647;
			files = (
				907EDAFD1BB9990E00E49E34 /* EmomeUITests.swift in Sources */,
			);
			runOnlyForDeploymentPostprocessing = 0;
		};
		90C6FD401BB0B5CE009F9FB3 /* Sources */ = {
			isa = PBXSourcesBuildPhase;
			buildActionMask = 2147483647;
			files = (
				90C6FD4A1BB0B5CF009F9FB3 /* EMOEmotionSelectionViewController.swift in Sources */,
				90C6FD481BB0B5CF009F9FB3 /* AppDelegate.swift in Sources */,
			);
			runOnlyForDeploymentPostprocessing = 0;
		};
/* End PBXSourcesBuildPhase section */

/* Begin PBXTargetDependency section */
		900148571BB8726200EB992C /* PBXTargetDependency */ = {
			isa = PBXTargetDependency;
			target = 90C6FD431BB0B5CE009F9FB3 /* Emome */;
			targetProxy = 900148561BB8726200EB992C /* PBXContainerItemProxy */;
		};
		907EDB001BB9990E00E49E34 /* PBXTargetDependency */ = {
			isa = PBXTargetDependency;
			target = 90C6FD431BB0B5CE009F9FB3 /* Emome */;
			targetProxy = 907EDAFF1BB9990E00E49E34 /* PBXContainerItemProxy */;
		};
/* End PBXTargetDependency section */

/* Begin PBXVariantGroup section */
		90C6FD4B1BB0B5CF009F9FB3 /* Main.storyboard */ = {
			isa = PBXVariantGroup;
			children = (
				90C6FD4C1BB0B5CF009F9FB3 /* Base */,
			);
			name = Main.storyboard;
			sourceTree = "<group>";
		};
		90C6FD501BB0B5CF009F9FB3 /* LaunchScreen.storyboard */ = {
			isa = PBXVariantGroup;
			children = (
				90C6FD511BB0B5CF009F9FB3 /* Base */,
			);
			name = LaunchScreen.storyboard;
			sourceTree = "<group>";
		};
/* End PBXVariantGroup section */

/* Begin XCBuildConfiguration section */
		900148581BB8726200EB992C /* Debug */ = {
			isa = XCBuildConfiguration;
			buildSettings = {
				BUNDLE_LOADER = "$(TEST_HOST)";
				INFOPLIST_FILE = EmomeTests/Info.plist;
				LD_RUNPATH_SEARCH_PATHS = "$(inherited) @executable_path/Frameworks @loader_path/Frameworks";
				PRODUCT_BUNDLE_IDENTIFIER = com.emome.EmomeTests;
				PRODUCT_NAME = "$(TARGET_NAME)";
				TEST_HOST = "$(BUILT_PRODUCTS_DIR)/Emome.app/Emome";
			};
			name = Debug;
		};
		900148591BB8726200EB992C /* Release */ = {
			isa = XCBuildConfiguration;
			buildSettings = {
				BUNDLE_LOADER = "$(TEST_HOST)";
				INFOPLIST_FILE = EmomeTests/Info.plist;
				LD_RUNPATH_SEARCH_PATHS = "$(inherited) @executable_path/Frameworks @loader_path/Frameworks";
				PRODUCT_BUNDLE_IDENTIFIER = com.emome.EmomeTests;
				PRODUCT_NAME = "$(TARGET_NAME)";
				TEST_HOST = "$(BUILT_PRODUCTS_DIR)/Emome.app/Emome";
			};
			name = Release;
		};
		907EDB011BB9990E00E49E34 /* Debug */ = {
			isa = XCBuildConfiguration;
			buildSettings = {
				INFOPLIST_FILE = EmomeUITests/Info.plist;
				LD_RUNPATH_SEARCH_PATHS = "$(inherited) @executable_path/Frameworks @loader_path/Frameworks";
				PRODUCT_BUNDLE_IDENTIFIER = com.emome.EmomeUITests;
				PRODUCT_NAME = "$(TARGET_NAME)";
				TEST_TARGET_NAME = Emome;
				USES_XCTRUNNER = YES;
			};
			name = Debug;
		};
		907EDB021BB9990E00E49E34 /* Release */ = {
			isa = XCBuildConfiguration;
			buildSettings = {
				INFOPLIST_FILE = EmomeUITests/Info.plist;
				LD_RUNPATH_SEARCH_PATHS = "$(inherited) @executable_path/Frameworks @loader_path/Frameworks";
				PRODUCT_BUNDLE_IDENTIFIER = com.emome.EmomeUITests;
				PRODUCT_NAME = "$(TARGET_NAME)";
				TEST_TARGET_NAME = Emome;
				USES_XCTRUNNER = YES;
			};
			name = Release;
		};
		90C6FD541BB0B5CF009F9FB3 /* Debug */ = {
			isa = XCBuildConfiguration;
			buildSettings = {
				ALWAYS_SEARCH_USER_PATHS = NO;
				CLANG_CXX_LANGUAGE_STANDARD = "gnu++0x";
				CLANG_CXX_LIBRARY = "libc++";
				CLANG_ENABLE_MODULES = YES;
				CLANG_ENABLE_OBJC_ARC = YES;
				CLANG_WARN_BOOL_CONVERSION = YES;
				CLANG_WARN_CONSTANT_CONVERSION = YES;
				CLANG_WARN_DIRECT_OBJC_ISA_USAGE = YES_ERROR;
				CLANG_WARN_EMPTY_BODY = YES;
				CLANG_WARN_ENUM_CONVERSION = YES;
				CLANG_WARN_INT_CONVERSION = YES;
				CLANG_WARN_OBJC_ROOT_CLASS = YES_ERROR;
				CLANG_WARN_UNREACHABLE_CODE = YES;
				CLANG_WARN__DUPLICATE_METHOD_MATCH = YES;
				"CODE_SIGN_IDENTITY[sdk=iphoneos*]" = "";
				COPY_PHASE_STRIP = NO;
				DEBUG_INFORMATION_FORMAT = dwarf;
				ENABLE_STRICT_OBJC_MSGSEND = YES;
				ENABLE_TESTABILITY = YES;
				GCC_C_LANGUAGE_STANDARD = gnu99;
				GCC_DYNAMIC_NO_PIC = NO;
				GCC_NO_COMMON_BLOCKS = YES;
				GCC_OPTIMIZATION_LEVEL = 0;
				GCC_PREPROCESSOR_DEFINITIONS = (
					"DEBUG=1",
					"$(inherited)",
				);
				GCC_WARN_64_TO_32_BIT_CONVERSION = YES;
				GCC_WARN_ABOUT_RETURN_TYPE = YES_ERROR;
				GCC_WARN_UNDECLARED_SELECTOR = YES;
				GCC_WARN_UNINITIALIZED_AUTOS = YES_AGGRESSIVE;
				GCC_WARN_UNUSED_FUNCTION = YES;
				GCC_WARN_UNUSED_VARIABLE = YES;
				IPHONEOS_DEPLOYMENT_TARGET = 9.0;
				MTL_ENABLE_DEBUG_INFO = YES;
				ONLY_ACTIVE_ARCH = YES;
				SDKROOT = iphoneos;
				SWIFT_OPTIMIZATION_LEVEL = "-Onone";
			};
			name = Debug;
		};
		90C6FD551BB0B5CF009F9FB3 /* Release */ = {
			isa = XCBuildConfiguration;
			buildSettings = {
				ALWAYS_SEARCH_USER_PATHS = NO;
				CLANG_CXX_LANGUAGE_STANDARD = "gnu++0x";
				CLANG_CXX_LIBRARY = "libc++";
				CLANG_ENABLE_MODULES = YES;
				CLANG_ENABLE_OBJC_ARC = YES;
				CLANG_WARN_BOOL_CONVERSION = YES;
				CLANG_WARN_CONSTANT_CONVERSION = YES;
				CLANG_WARN_DIRECT_OBJC_ISA_USAGE = YES_ERROR;
				CLANG_WARN_EMPTY_BODY = YES;
				CLANG_WARN_ENUM_CONVERSION = YES;
				CLANG_WARN_INT_CONVERSION = YES;
				CLANG_WARN_OBJC_ROOT_CLASS = YES_ERROR;
				CLANG_WARN_UNREACHABLE_CODE = YES;
				CLANG_WARN__DUPLICATE_METHOD_MATCH = YES;
				"CODE_SIGN_IDENTITY[sdk=iphoneos*]" = "";
				COPY_PHASE_STRIP = NO;
				DEBUG_INFORMATION_FORMAT = "dwarf-with-dsym";
				ENABLE_NS_ASSERTIONS = NO;
				ENABLE_STRICT_OBJC_MSGSEND = YES;
				GCC_C_LANGUAGE_STANDARD = gnu99;
				GCC_NO_COMMON_BLOCKS = YES;
				GCC_WARN_64_TO_32_BIT_CONVERSION = YES;
				GCC_WARN_ABOUT_RETURN_TYPE = YES_ERROR;
				GCC_WARN_UNDECLARED_SELECTOR = YES;
				GCC_WARN_UNINITIALIZED_AUTOS = YES_AGGRESSIVE;
				GCC_WARN_UNUSED_FUNCTION = YES;
				GCC_WARN_UNUSED_VARIABLE = YES;
				IPHONEOS_DEPLOYMENT_TARGET = 9.0;
				MTL_ENABLE_DEBUG_INFO = NO;
				SDKROOT = iphoneos;
				VALIDATE_PRODUCT = YES;
			};
			name = Release;
		};
		90C6FD571BB0B5CF009F9FB3 /* Debug */ = {
			isa = XCBuildConfiguration;
			baseConfigurationReference = 46D4581E639FC267AAA9CFD7 /* Pods-Emome.debug.xcconfig */;
			buildSettings = {
				ASSETCATALOG_COMPILER_APPICON_NAME = AppIcon;
				CODE_SIGN_IDENTITY = "";
				INFOPLIST_FILE = Emome/Info.plist;
				IPHONEOS_DEPLOYMENT_TARGET = 9.0;
				LD_RUNPATH_SEARCH_PATHS = "$(inherited) @executable_path/Frameworks";
				PRODUCT_BUNDLE_IDENTIFIER = com.emome.Emome;
				PRODUCT_NAME = "$(TARGET_NAME)";
			};
			name = Debug;
		};
		90C6FD581BB0B5CF009F9FB3 /* Release */ = {
			isa = XCBuildConfiguration;
			baseConfigurationReference = 2B023C10DB84DBFEFD98AC98 /* Pods-Emome.release.xcconfig */;
			buildSettings = {
				ASSETCATALOG_COMPILER_APPICON_NAME = AppIcon;
				CODE_SIGN_IDENTITY = "";
				INFOPLIST_FILE = Emome/Info.plist;
				IPHONEOS_DEPLOYMENT_TARGET = 9.0;
				LD_RUNPATH_SEARCH_PATHS = "$(inherited) @executable_path/Frameworks";
				PRODUCT_BUNDLE_IDENTIFIER = com.emome.Emome;
				PRODUCT_NAME = "$(TARGET_NAME)";
			};
			name = Release;
		};
/* End XCBuildConfiguration section */

/* Begin XCConfigurationList section */
		9001485A1BB8726200EB992C /* Build configuration list for PBXNativeTarget "EmomeTests" */ = {
			isa = XCConfigurationList;
			buildConfigurations = (
				900148581BB8726200EB992C /* Debug */,
				900148591BB8726200EB992C /* Release */,
			);
			defaultConfigurationIsVisible = 0;
			defaultConfigurationName = Release;
		};
		907EDB031BB9990E00E49E34 /* Build configuration list for PBXNativeTarget "EmomeUITests" */ = {
			isa = XCConfigurationList;
			buildConfigurations = (
				907EDB011BB9990E00E49E34 /* Debug */,
				907EDB021BB9990E00E49E34 /* Release */,
			);
			defaultConfigurationIsVisible = 0;
			defaultConfigurationName = Release;
		};
		90C6FD3F1BB0B5CE009F9FB3 /* Build configuration list for PBXProject "Emome" */ = {
			isa = XCConfigurationList;
			buildConfigurations = (
				90C6FD541BB0B5CF009F9FB3 /* Debug */,
				90C6FD551BB0B5CF009F9FB3 /* Release */,
			);
			defaultConfigurationIsVisible = 0;
			defaultConfigurationName = Release;
		};
		90C6FD561BB0B5CF009F9FB3 /* Build configuration list for PBXNativeTarget "Emome" */ = {
			isa = XCConfigurationList;
			buildConfigurations = (
				90C6FD571BB0B5CF009F9FB3 /* Debug */,
				90C6FD581BB0B5CF009F9FB3 /* Release */,
			);
			defaultConfigurationIsVisible = 0;
			defaultConfigurationName = Release;
		};
/* End XCConfigurationList section */
	};
	rootObject = 90C6FD3C1BB0B5CE009F9FB3 /* Project object */;
}
